// !$*UTF8*$!
{
	archiveVersion = 1;
	classes = {
	};
	objectVersion = 46;
	objects = {

/* Begin PBXBuildFile section */
		171E4C7B1BDB9DE30096E943 /* Localizable.strings in Resources */ = {isa = PBXBuildFile; fileRef = 171E4C7D1BDB9DE30096E943 /* Localizable.strings */; };
		1758A7861BDB866D009DAF98 /* AppDelegate.swift in Sources */ = {isa = PBXBuildFile; fileRef = 1758A7851BDB866D009DAF98 /* AppDelegate.swift */; };
		1758A7881BDB866D009DAF98 /* ViewController.swift in Sources */ = {isa = PBXBuildFile; fileRef = 1758A7871BDB866D009DAF98 /* ViewController.swift */; };
		1758A78B1BDB866D009DAF98 /* Main.storyboard in Resources */ = {isa = PBXBuildFile; fileRef = 1758A7891BDB866D009DAF98 /* Main.storyboard */; };
		1758A78D1BDB866D009DAF98 /* Assets.xcassets in Resources */ = {isa = PBXBuildFile; fileRef = 1758A78C1BDB866D009DAF98 /* Assets.xcassets */; };
		1758A7901BDB866D009DAF98 /* LaunchScreen.storyboard in Resources */ = {isa = PBXBuildFile; fileRef = 1758A78E1BDB866D009DAF98 /* LaunchScreen.storyboard */; };
		177D982E1BDB918E0078636E /* InfoPlist.strings in Resources */ = {isa = PBXBuildFile; fileRef = 177D98301BDB918E0078636E /* InfoPlist.strings */; };
/* End PBXBuildFile section */

/* Begin PBXFileReference section */
		171E4C7C1BDB9DE30096E943 /* Base */ = {isa = PBXFileReference; lastKnownFileType = text.plist.strings; name = Base; path = Base.lproj/Localizable.strings; sourceTree = "<group>"; };
		171E4C7E1BDB9DE50096E943 /* en */ = {isa = PBXFileReference; lastKnownFileType = text.plist.strings; name = en; path = en.lproj/Localizable.strings; sourceTree = "<group>"; };
		171E4C7F1BDB9DE60096E943 /* de */ = {isa = PBXFileReference; lastKnownFileType = text.plist.strings; name = de; path = de.lproj/Localizable.strings; sourceTree = "<group>"; };
		1758A7821BDB866D009DAF98 /* UniversalApp.app */ = {isa = PBXFileReference; explicitFileType = wrapper.application; includeInIndex = 0; path = UniversalApp.app; sourceTree = BUILT_PRODUCTS_DIR; };
		1758A7851BDB866D009DAF98 /* AppDelegate.swift */ = {isa = PBXFileReference; lastKnownFileType = sourcecode.swift; path = AppDelegate.swift; sourceTree = "<group>"; };
		1758A7871BDB866D009DAF98 /* ViewController.swift */ = {isa = PBXFileReference; lastKnownFileType = sourcecode.swift; path = ViewController.swift; sourceTree = "<group>"; };
		1758A78A1BDB866D009DAF98 /* Base */ = {isa = PBXFileReference; lastKnownFileType = file.storyboard; name = Base; path = Base.lproj/Main.storyboard; sourceTree = "<group>"; };
		1758A78C1BDB866D009DAF98 /* Assets.xcassets */ = {isa = PBXFileReference; lastKnownFileType = folder.assetcatalog; path = Assets.xcassets; sourceTree = "<group>"; };
		1758A78F1BDB866D009DAF98 /* Base */ = {isa = PBXFileReference; lastKnownFileType = file.storyboard; name = Base; path = Base.lproj/LaunchScreen.storyboard; sourceTree = "<group>"; };
		1758A7911BDB866D009DAF98 /* Info.plist */ = {isa = PBXFileReference; lastKnownFileType = text.plist.xml; path = Info.plist; sourceTree = "<group>"; };
		177D982F1BDB918E0078636E /* de */ = {isa = PBXFileReference; lastKnownFileType = text.plist.strings; name = de; path = de.lproj/InfoPlist.strings; sourceTree = "<group>"; };
		177D98311BDB918E0078636E /* de */ = {isa = PBXFileReference; lastKnownFileType = text.plist.strings; name = de; path = de.lproj/LaunchScreen.strings; sourceTree = "<group>"; };
		177D98321BDB918E0078636E /* de */ = {isa = PBXFileReference; lastKnownFileType = text.plist.strings; name = de; path = de.lproj/Main.strings; sourceTree = "<group>"; };
		177D98341BDB92DF0078636E /* en */ = {isa = PBXFileReference; lastKnownFileType = text.plist.strings; name = en; path = en.lproj/Main.strings; sourceTree = "<group>"; };
/* End PBXFileReference section */

/* Begin PBXFrameworksBuildPhase section */
		1758A77F1BDB866D009DAF98 /* Frameworks */ = {
			isa = PBXFrameworksBuildPhase;
			buildActionMask = 2147483647;
			files = (
			);
			runOnlyForDeploymentPostprocessing = 0;
		};
/* End PBXFrameworksBuildPhase section */

/* Begin PBXGroup section */
		1758A7791BDB866D009DAF98 = {
			isa = PBXGroup;
			children = (
				1758A7841BDB866D009DAF98 /* UniversalApp */,
				1758A7831BDB866D009DAF98 /* Products */,
			);
			sourceTree = "<group>";
		};
		1758A7831BDB866D009DAF98 /* Products */ = {
			isa = PBXGroup;
			children = (
				1758A7821BDB866D009DAF98 /* UniversalApp.app */,
			);
			name = Products;
			sourceTree = "<group>";
		};
		1758A7841BDB866D009DAF98 /* UniversalApp */ = {
			isa = PBXGroup;
			children = (
				177D98301BDB918E0078636E /* InfoPlist.strings */,
				1758A7851BDB866D009DAF98 /* AppDelegate.swift */,
				1758A7871BDB866D009DAF98 /* ViewController.swift */,
				1758A7891BDB866D009DAF98 /* Main.storyboard */,
				1758A78C1BDB866D009DAF98 /* Assets.xcassets */,
				1758A78E1BDB866D009DAF98 /* LaunchScreen.storyboard */,
				1758A7911BDB866D009DAF98 /* Info.plist */,
				171E4C7D1BDB9DE30096E943 /* Localizable.strings */,
			);
			path = UniversalApp;
			sourceTree = "<group>";
		};
/* End PBXGroup section */

/* Begin PBXNativeTarget section */
		1758A7811BDB866D009DAF98 /* UniversalApp */ = {
			isa = PBXNativeTarget;
			buildConfigurationList = 1758A7941BDB866D009DAF98 /* Build configuration list for PBXNativeTarget "UniversalApp" */;
			buildPhases = (
				1758A77E1BDB866D009DAF98 /* Sources */,
				1758A77F1BDB866D009DAF98 /* Frameworks */,
				1758A7801BDB866D009DAF98 /* Resources */,
			);
			buildRules = (
			);
			dependencies = (
			);
			name = UniversalApp;
			productName = UniversalApp;
			productReference = 1758A7821BDB866D009DAF98 /* UniversalApp.app */;
			productType = "com.apple.product-type.application";
		};
/* End PBXNativeTarget section */

/* Begin PBXProject section */
		1758A77A1BDB866D009DAF98 /* Project object */ = {
			isa = PBXProject;
			attributes = {
				LastSwiftUpdateCheck = 0710;
				LastUpgradeCheck = 0710;
				ORGANIZATIONNAME = "Jonas Hansen";
				TargetAttributes = {
					1758A7811BDB866D009DAF98 = {
						CreatedOnToolsVersion = 7.1;
					};
				};
			};
			buildConfigurationList = 1758A77D1BDB866D009DAF98 /* Build configuration list for PBXProject "UniversalApp" */;
			compatibilityVersion = "Xcode 3.2";
			developmentRegion = English;
			hasScannedForEncodings = 0;
			knownRegions = (
				en,
				Base,
				de,
			);
			mainGroup = 1758A7791BDB866D009DAF98;
			productRefGroup = 1758A7831BDB866D009DAF98 /* Products */;
			projectDirPath = "";
			projectRoot = "";
			targets = (
				1758A7811BDB866D009DAF98 /* UniversalApp */,
			);
		};
/* End PBXProject section */

/* Begin PBXResourcesBuildPhase section */
		1758A7801BDB866D009DAF98 /* Resources */ = {
			isa = PBXResourcesBuildPhase;
			buildActionMask = 2147483647;
			files = (
				171E4C7B1BDB9DE30096E943 /* Localizable.strings in Resources */,
				1758A7901BDB866D009DAF98 /* LaunchScreen.storyboard in Resources */,
				177D982E1BDB918E0078636E /* InfoPlist.strings in Resources */,
				1758A78D1BDB866D009DAF98 /* Assets.xcassets in Resources */,
				1758A78B1BDB866D009DAF98 /* Main.storyboard in Resources */,
			);
			runOnlyForDeploymentPostprocessing = 0;
		};
/* End PBXResourcesBuildPhase section */

/* Begin PBXSourcesBuildPhase section */
		1758A77E1BDB866D009DAF98 /* Sources */ = {
			isa = PBXSourcesBuildPhase;
			buildActionMask = 2147483647;
			files = (
				1758A7881BDB866D009DAF98 /* ViewController.swift in Sources */,
				1758A7861BDB866D009DAF98 /* AppDelegate.swift in Sources */,
			);
			runOnlyForDeploymentPostprocessing = 0;
		};
/* End PBXSourcesBuildPhase section */

/* Begin PBXVariantGroup section */
		171E4C7D1BDB9DE30096E943 /* Localizable.strings */ = {
			isa = PBXVariantGroup;
			children = (
				171E4C7C1BDB9DE30096E943 /* Base */,
				171E4C7E1BDB9DE50096E943 /* en */,
				171E4C7F1BDB9DE60096E943 /* de */,
			);
			name = Localizable.strings;
			sourceTree = "<group>";
		};
		1758A7891BDB866D009DAF98 /* Main.storyboard */ = {
			isa = PBXVariantGroup;
			children = (
				1758A78A1BDB866D009DAF98 /* Base */,
				177D98321BDB918E0078636E /* de */,
				177D98341BDB92DF0078636E /* en */,
			);
			name = Main.storyboard;
			sourceTree = "<group>";
		};
		1758A78E1BDB866D009DAF98 /* LaunchScreen.storyboard */ = {
			isa = PBXVariantGroup;
			children = (
				1758A78F1BDB866D009DAF98 /* Base */,
				177D98311BDB918E0078636E /* de */,
			);
			name = LaunchScreen.storyboard;
			sourceTree = "<group>";
		};
		177D98301BDB918E0078636E /* InfoPlist.strings */ = {
			isa = PBXVariantGroup;
			children = (
				177D982F1BDB918E0078636E /* de */,
			);
			name = InfoPlist.strings;
			sourceTree = "<group>";
		};
/* End PBXVariantGroup section */

/* Begin XCBuildConfiguration section */
		1758A7921BDB866D009DAF98 /* Debug */ = {
			isa = XCBuildConfiguration;
			buildSettings = {
				ALWAYS_SEARCH_USER_PATHS = NO;
				CLANG_CXX_LANGUAGE_STANDARD = "gnu++0x";
				CLANG_CXX_LIBRARY = "libc++";
				CLANG_ENABLE_MODULES = YES;
				CLANG_ENABLE_OBJC_ARC = YES;
				CLANG_WARN_BOOL_CONVERSION = YES;
				CLANG_WARN_CONSTANT_CONVERSION = YES;
				CLANG_WARN_DIRECT_OBJC_ISA_USAGE = YES_ERROR;
				CLANG_WARN_EMPTY_BODY = YES;
				CLANG_WARN_ENUM_CONVERSION = YES;
				CLANG_WARN_INT_CONVERSION = YES;
				CLANG_WARN_OBJC_ROOT_CLASS = YES_ERROR;
				CLANG_WARN_UNREACHABLE_CODE = YES;
				CLANG_WARN__DUPLICATE_METHOD_MATCH = YES;
				"CODE_SIGN_IDENTITY[sdk=iphoneos*]" = "iPhone Developer";
				COPY_PHASE_STRIP = NO;
				DEBUG_INFORMATION_FORMAT = dwarf;
				ENABLE_STRICT_OBJC_MSGSEND = YES;
				ENABLE_TESTABILITY = YES;
				GCC_C_LANGUAGE_STANDARD = gnu99;
				GCC_DYNAMIC_NO_PIC = NO;
				GCC_NO_COMMON_BLOCKS = YES;
				GCC_OPTIMIZATION_LEVEL = 0;
				GCC_PREPROCESSOR_DEFINITIONS = (
					"DEBUG=1",
					"$(inherited)",
				);
				GCC_WARN_64_TO_32_BIT_CONVERSION = YES;
				GCC_WARN_ABOUT_RETURN_TYPE = YES_ERROR;
				GCC_WARN_UNDECLARED_SELECTOR = YES;
				GCC_WARN_UNINITIALIZED_AUTOS = YES_AGGRESSIVE;
				GCC_WARN_UNUSED_FUNCTION = YES;
				GCC_WARN_UNUSED_VARIABLE = YES;
				IPHONEOS_DEPLOYMENT_TARGET = 9.1;
				MTL_ENABLE_DEBUG_INFO = YES;
				ONLY_ACTIVE_ARCH = YES;
				SDKROOT = iphoneos;
				SWIFT_OPTIMIZATION_LEVEL = "-Onone";
				TARGETED_DEVICE_FAMILY = "1,2";
			};
			name = Debug;
		};
		1758A7931BDB866D009DAF98 /* Release */ = {
			isa = XCBuildConfiguration;
			buildSettings = {
				ALWAYS_SEARCH_USER_PATHS = NO;
				CLANG_CXX_LANGUAGE_STANDARD = "gnu++0x";
				CLANG_CXX_LIBRARY = "libc++";
				CLANG_ENABLE_MODULES = YES;
				CLANG_ENABLE_OBJC_ARC = YES;
				CLANG_WARN_BOOL_CONVERSION = YES;
				CLANG_WARN_CONSTANT_CONVERSION = YES;
				CLANG_WARN_DIRECT_OBJC_ISA_USAGE = YES_ERROR;
				CLANG_WARN_EMPTY_BODY = YES;
				CLANG_WARN_ENUM_CONVERSION = YES;
				CLANG_WARN_INT_CONVERSION = YES;
				CLANG_WARN_OBJC_ROOT_CLASS = YES_ERROR;
				CLANG_WARN_UNREACHABLE_CODE = YES;
				CLANG_WARN__DUPLICATE_METHOD_MATCH = YES;
				"CODE_SIGN_IDENTITY[sdk=iphoneos*]" = "iPhone Developer";
				COPY_PHASE_STRIP = NO;
				DEBUG_INFORMATION_FORMAT = "dwarf-with-dsym";
				ENABLE_NS_ASSERTIONS = NO;
				ENABLE_STRICT_OBJC_MSGSEND = YES;
				GCC_C_LANGUAGE_STANDARD = gnu99;
				GCC_NO_COMMON_BLOCKS = YES;
				GCC_WARN_64_TO_32_BIT_CONVERSION = YES;
				GCC_WARN_ABOUT_RETURN_TYPE = YES_ERROR;
				GCC_WARN_UNDECLARED_SELECTOR = YES;
				GCC_WARN_UNINITIALIZED_AUTOS = YES_AGGRESSIVE;
				GCC_WARN_UNUSED_FUNCTION = YES;
				GCC_WARN_UNUSED_VARIABLE = YES;
				IPHONEOS_DEPLOYMENT_TARGET = 9.1;
				MTL_ENABLE_DEBUG_INFO = NO;
				SDKROOT = iphoneos;
				TARGETED_DEVICE_FAMILY = "1,2";
				VALIDATE_PRODUCT = YES;
			};
			name = Release;
		};
		1758A7951BDB866D009DAF98 /* Debug */ = {
			isa = XCBuildConfiguration;
			buildSettings = {
				ASSETCATALOG_COMPILER_APPICON_NAME = AppIcon;
				INFOPLIST_FILE = UniversalApp/Info.plist;
				LD_RUNPATH_SEARCH_PATHS = "$(inherited) @executable_path/Frameworks";
				PRODUCT_BUNDLE_IDENTIFIER = net.vl0w.UniversalApp;
				PRODUCT_NAME = "$(TARGET_NAME)";
			};
			name = Debug;
		};
		1758A7961BDB866D009DAF98 /* Release */ = {
			isa = XCBuildConfiguration;
			buildSettings = {
				ASSETCATALOG_COMPILER_APPICON_NAME = AppIcon;
				INFOPLIST_FILE = UniversalApp/Info.plist;
				LD_RUNPATH_SEARCH_PATHS = "$(inherited) @executable_path/Frameworks";
				PRODUCT_BUNDLE_IDENTIFIER = net.vl0w.UniversalApp;
				PRODUCT_NAME = "$(TARGET_NAME)";
			};
			name = Release;
		};
/* End XCBuildConfiguration section */

/* Begin XCConfigurationList section */
		1758A77D1BDB866D009DAF98 /* Build configuration list for PBXProject "UniversalApp" */ = {
			isa = XCConfigurationList;
			buildConfigurations = (
				1758A7921BDB866D009DAF98 /* Debug */,
				1758A7931BDB866D009DAF98 /* Release */,
			);
			defaultConfigurationIsVisible = 0;
			defaultConfigurationName = Release;
		};
		1758A7941BDB866D009DAF98 /* Build configuration list for PBXNativeTarget "UniversalApp" */ = {
			isa = XCConfigurationList;
			buildConfigurations = (
				1758A7951BDB866D009DAF98 /* Debug */,
				1758A7961BDB866D009DAF98 /* Release */,
			);
			defaultConfigurationIsVisible = 0;
			defaultConfigurationName = Release;
		};
/* End XCConfigurationList section */
	};
	rootObject = 1758A77A1BDB866D009DAF98 /* Project object */;
}
