// !$*UTF8*$!
{
	archiveVersion = 1;
	classes = {
	};
	objectVersion = 46;
	objects = {

/* Begin PBXBuildFile section */
		17032C231BBBD08E00272EB4 /* AppDelegate.swift in Sources */ = {isa = PBXBuildFile; fileRef = 17032C221BBBD08E00272EB4 /* AppDelegate.swift */; };
		17032C251BBBD08E00272EB4 /* ViewController.swift in Sources */ = {isa = PBXBuildFile; fileRef = 17032C241BBBD08E00272EB4 /* ViewController.swift */; };
		17032C281BBBD08E00272EB4 /* Main.storyboard in Resources */ = {isa = PBXBuildFile; fileRef = 17032C261BBBD08E00272EB4 /* Main.storyboard */; };
		17032C2A1BBBD08E00272EB4 /* Assets.xcassets in Resources */ = {isa = PBXBuildFile; fileRef = 17032C291BBBD08E00272EB4 /* Assets.xcassets */; };
		17032C2D1BBBD08E00272EB4 /* LaunchScreen.storyboard in Resources */ = {isa = PBXBuildFile; fileRef = 17032C2B1BBBD08E00272EB4 /* LaunchScreen.storyboard */; };
/* End PBXBuildFile section */

/* Begin PBXFileReference section */
		17032C1F1BBBD08E00272EB4 /* IB-DEMO.app */ = {isa = PBXFileReference; explicitFileType = wrapper.application; includeInIndex = 0; path = "IB-DEMO.app"; sourceTree = BUILT_PRODUCTS_DIR; };
		17032C221BBBD08E00272EB4 /* AppDelegate.swift */ = {isa = PBXFileReference; lastKnownFileType = sourcecode.swift; path = AppDelegate.swift; sourceTree = "<group>"; };
		17032C241BBBD08E00272EB4 /* ViewController.swift */ = {isa = PBXFileReference; lastKnownFileType = sourcecode.swift; path = ViewController.swift; sourceTree = "<group>"; };
		17032C271BBBD08E00272EB4 /* Base */ = {isa = PBXFileReference; lastKnownFileType = file.storyboard; name = Base; path = Base.lproj/Main.storyboard; sourceTree = "<group>"; };
		17032C291BBBD08E00272EB4 /* Assets.xcassets */ = {isa = PBXFileReference; lastKnownFileType = folder.assetcatalog; path = Assets.xcassets; sourceTree = "<group>"; };
		17032C2C1BBBD08E00272EB4 /* Base */ = {isa = PBXFileReference; lastKnownFileType = file.storyboard; name = Base; path = Base.lproj/LaunchScreen.storyboard; sourceTree = "<group>"; };
		17032C2E1BBBD08E00272EB4 /* Info.plist */ = {isa = PBXFileReference; lastKnownFileType = text.plist.xml; path = Info.plist; sourceTree = "<group>"; };
/* End PBXFileReference section */

/* Begin PBXFrameworksBuildPhase section */
		17032C1C1BBBD08E00272EB4 /* Frameworks */ = {
			isa = PBXFrameworksBuildPhase;
			buildActionMask = 2147483647;
			files = (
			);
			runOnlyForDeploymentPostprocessing = 0;
		};
/* End PBXFrameworksBuildPhase section */

/* Begin PBXGroup section */
		17032C161BBBD08E00272EB4 = {
			isa = PBXGroup;
			children = (
				17032C211BBBD08E00272EB4 /* IB-DEMO */,
				17032C201BBBD08E00272EB4 /* Products */,
			);
			sourceTree = "<group>";
		};
		17032C201BBBD08E00272EB4 /* Products */ = {
			isa = PBXGroup;
			children = (
				17032C1F1BBBD08E00272EB4 /* IB-DEMO.app */,
			);
			name = Products;
			sourceTree = "<group>";
		};
		17032C211BBBD08E00272EB4 /* IB-DEMO */ = {
			isa = PBXGroup;
			children = (
				17032C221BBBD08E00272EB4 /* AppDelegate.swift */,
				17032C241BBBD08E00272EB4 /* ViewController.swift */,
				17032C261BBBD08E00272EB4 /* Main.storyboard */,
				17032C291BBBD08E00272EB4 /* Assets.xcassets */,
				17032C2B1BBBD08E00272EB4 /* LaunchScreen.storyboard */,
				17032C2E1BBBD08E00272EB4 /* Info.plist */,
			);
			path = "IB-DEMO";
			sourceTree = "<group>";
		};
/* End PBXGroup section */

/* Begin PBXNativeTarget section */
		17032C1E1BBBD08E00272EB4 /* IB-DEMO */ = {
			isa = PBXNativeTarget;
			buildConfigurationList = 17032C311BBBD08E00272EB4 /* Build configuration list for PBXNativeTarget "IB-DEMO" */;
			buildPhases = (
				17032C1B1BBBD08E00272EB4 /* Sources */,
				17032C1C1BBBD08E00272EB4 /* Frameworks */,
				17032C1D1BBBD08E00272EB4 /* Resources */,
			);
			buildRules = (
			);
			dependencies = (
			);
			name = "IB-DEMO";
			productName = "IB-DEMO";
			productReference = 17032C1F1BBBD08E00272EB4 /* IB-DEMO.app */;
			productType = "com.apple.product-type.application";
		};
/* End PBXNativeTarget section */

/* Begin PBXProject section */
		17032C171BBBD08E00272EB4 /* Project object */ = {
			isa = PBXProject;
			attributes = {
				LastUpgradeCheck = 0700;
				ORGANIZATIONNAME = "Jonas Hansen";
				TargetAttributes = {
					17032C1E1BBBD08E00272EB4 = {
						CreatedOnToolsVersion = 7.0;
					};
				};
			};
			buildConfigurationList = 17032C1A1BBBD08E00272EB4 /* Build configuration list for PBXProject "IB-DEMO" */;
			compatibilityVersion = "Xcode 3.2";
			developmentRegion = English;
			hasScannedForEncodings = 0;
			knownRegions = (
				en,
				Base,
			);
			mainGroup = 17032C161BBBD08E00272EB4;
			productRefGroup = 17032C201BBBD08E00272EB4 /* Products */;
			projectDirPath = "";
			projectRoot = "";
			targets = (
				17032C1E1BBBD08E00272EB4 /* IB-DEMO */,
			);
		};
/* End PBXProject section */

/* Begin PBXResourcesBuildPhase section */
		17032C1D1BBBD08E00272EB4 /* Resources */ = {
			isa = PBXResourcesBuildPhase;
			buildActionMask = 2147483647;
			files = (
				17032C2D1BBBD08E00272EB4 /* LaunchScreen.storyboard in Resources */,
				17032C2A1BBBD08E00272EB4 /* Assets.xcassets in Resources */,
				17032C281BBBD08E00272EB4 /* Main.storyboard in Resources */,
			);
			runOnlyForDeploymentPostprocessing = 0;
		};
/* End PBXResourcesBuildPhase section */

/* Begin PBXSourcesBuildPhase section */
		17032C1B1BBBD08E00272EB4 /* Sources */ = {
			isa = PBXSourcesBuildPhase;
			buildActionMask = 2147483647;
			files = (
				17032C251BBBD08E00272EB4 /* ViewController.swift in Sources */,
				17032C231BBBD08E00272EB4 /* AppDelegate.swift in Sources */,
			);
			runOnlyForDeploymentPostprocessing = 0;
		};
/* End PBXSourcesBuildPhase section */

/* Begin PBXVariantGroup section */
		17032C261BBBD08E00272EB4 /* Main.storyboard */ = {
			isa = PBXVariantGroup;
			children = (
				17032C271BBBD08E00272EB4 /* Base */,
			);
			name = Main.storyboard;
			sourceTree = "<group>";
		};
		17032C2B1BBBD08E00272EB4 /* LaunchScreen.storyboard */ = {
			isa = PBXVariantGroup;
			children = (
				17032C2C1BBBD08E00272EB4 /* Base */,
			);
			name = LaunchScreen.storyboard;
			sourceTree = "<group>";
		};
/* End PBXVariantGroup section */

/* Begin XCBuildConfiguration section */
		17032C2F1BBBD08E00272EB4 /* Debug */ = {
			isa = XCBuildConfiguration;
			buildSettings = {
				ALWAYS_SEARCH_USER_PATHS = NO;
				CLANG_CXX_LANGUAGE_STANDARD = "gnu++0x";
				CLANG_CXX_LIBRARY = "libc++";
				CLANG_ENABLE_MODULES = YES;
				CLANG_ENABLE_OBJC_ARC = YES;
				CLANG_WARN_BOOL_CONVERSION = YES;
				CLANG_WARN_CONSTANT_CONVERSION = YES;
				CLANG_WARN_DIRECT_OBJC_ISA_USAGE = YES_ERROR;
				CLANG_WARN_EMPTY_BODY = YES;
				CLANG_WARN_ENUM_CONVERSION = YES;
				CLANG_WARN_INT_CONVERSION = YES;
				CLANG_WARN_OBJC_ROOT_CLASS = YES_ERROR;
				CLANG_WARN_UNREACHABLE_CODE = YES;
				CLANG_WARN__DUPLICATE_METHOD_MATCH = YES;
				"CODE_SIGN_IDENTITY[sdk=iphoneos*]" = "iPhone Developer";
				COPY_PHASE_STRIP = NO;
				DEBUG_INFORMATION_FORMAT = dwarf;
				ENABLE_STRICT_OBJC_MSGSEND = YES;
				ENABLE_TESTABILITY = YES;
				GCC_C_LANGUAGE_STANDARD = gnu99;
				GCC_DYNAMIC_NO_PIC = NO;
				GCC_NO_COMMON_BLOCKS = YES;
				GCC_OPTIMIZATION_LEVEL = 0;
				GCC_PREPROCESSOR_DEFINITIONS = (
					"DEBUG=1",
					"$(inherited)",
				);
				GCC_WARN_64_TO_32_BIT_CONVERSION = YES;
				GCC_WARN_ABOUT_RETURN_TYPE = YES_ERROR;
				GCC_WARN_UNDECLARED_SELECTOR = YES;
				GCC_WARN_UNINITIALIZED_AUTOS = YES_AGGRESSIVE;
				GCC_WARN_UNUSED_FUNCTION = YES;
				GCC_WARN_UNUSED_VARIABLE = YES;
				IPHONEOS_DEPLOYMENT_TARGET = 9.0;
				MTL_ENABLE_DEBUG_INFO = YES;
				ONLY_ACTIVE_ARCH = YES;
				SDKROOT = iphoneos;
				SWIFT_OPTIMIZATION_LEVEL = "-Onone";
			};
			name = Debug;
		};
		17032C301BBBD08E00272EB4 /* Release */ = {
			isa = XCBuildConfiguration;
			buildSettings = {
				ALWAYS_SEARCH_USER_PATHS = NO;
				CLANG_CXX_LANGUAGE_STANDARD = "gnu++0x";
				CLANG_CXX_LIBRARY = "libc++";
				CLANG_ENABLE_MODULES = YES;
				CLANG_ENABLE_OBJC_ARC = YES;
				CLANG_WARN_BOOL_CONVERSION = YES;
				CLANG_WARN_CONSTANT_CONVERSION = YES;
				CLANG_WARN_DIRECT_OBJC_ISA_USAGE = YES_ERROR;
				CLANG_WARN_EMPTY_BODY = YES;
				CLANG_WARN_ENUM_CONVERSION = YES;
				CLANG_WARN_INT_CONVERSION = YES;
				CLANG_WARN_OBJC_ROOT_CLASS = YES_ERROR;
				CLANG_WARN_UNREACHABLE_CODE = YES;
				CLANG_WARN__DUPLICATE_METHOD_MATCH = YES;
				"CODE_SIGN_IDENTITY[sdk=iphoneos*]" = "iPhone Developer";
				COPY_PHASE_STRIP = NO;
				DEBUG_INFORMATION_FORMAT = "dwarf-with-dsym";
				ENABLE_NS_ASSERTIONS = NO;
				ENABLE_STRICT_OBJC_MSGSEND = YES;
				GCC_C_LANGUAGE_STANDARD = gnu99;
				GCC_NO_COMMON_BLOCKS = YES;
				GCC_WARN_64_TO_32_BIT_CONVERSION = YES;
				GCC_WARN_ABOUT_RETURN_TYPE = YES_ERROR;
				GCC_WARN_UNDECLARED_SELECTOR = YES;
				GCC_WARN_UNINITIALIZED_AUTOS = YES_AGGRESSIVE;
				GCC_WARN_UNUSED_FUNCTION = YES;
				GCC_WARN_UNUSED_VARIABLE = YES;
				IPHONEOS_DEPLOYMENT_TARGET = 9.0;
				MTL_ENABLE_DEBUG_INFO = NO;
				SDKROOT = iphoneos;
				VALIDATE_PRODUCT = YES;
			};
			name = Release;
		};
		17032C321BBBD08E00272EB4 /* Debug */ = {
			isa = XCBuildConfiguration;
			buildSettings = {
				ASSETCATALOG_COMPILER_APPICON_NAME = AppIcon;
				INFOPLIST_FILE = "IB-DEMO/Info.plist";
				LD_RUNPATH_SEARCH_PATHS = "$(inherited) @executable_path/Frameworks";
				PRODUCT_BUNDLE_IDENTIFIER = "net.vl0w.IB-DEMO";
				PRODUCT_NAME = "$(TARGET_NAME)";
			};
			name = Debug;
		};
		17032C331BBBD08E00272EB4 /* Release */ = {
			isa = XCBuildConfiguration;
			buildSettings = {
				ASSETCATALOG_COMPILER_APPICON_NAME = AppIcon;
				INFOPLIST_FILE = "IB-DEMO/Info.plist";
				LD_RUNPATH_SEARCH_PATHS = "$(inherited) @executable_path/Frameworks";
				PRODUCT_BUNDLE_IDENTIFIER = "net.vl0w.IB-DEMO";
				PRODUCT_NAME = "$(TARGET_NAME)";
			};
			name = Release;
		};
/* End XCBuildConfiguration section */

/* Begin XCConfigurationList section */
		17032C1A1BBBD08E00272EB4 /* Build configuration list for PBXProject "IB-DEMO" */ = {
			isa = XCConfigurationList;
			buildConfigurations = (
				17032C2F1BBBD08E00272EB4 /* Debug */,
				17032C301BBBD08E00272EB4 /* Release */,
			);
			defaultConfigurationIsVisible = 0;
			defaultConfigurationName = Release;
		};
		17032C311BBBD08E00272EB4 /* Build configuration list for PBXNativeTarget "IB-DEMO" */ = {
			isa = XCConfigurationList;
			buildConfigurations = (
				17032C321BBBD08E00272EB4 /* Debug */,
				17032C331BBBD08E00272EB4 /* Release */,
			);
			defaultConfigurationIsVisible = 0;
		};
/* End XCConfigurationList section */
	};
	rootObject = 17032C171BBBD08E00272EB4 /* Project object */;
}
